
Microsoft Visual Studio Solution File, Format Version 12.00
# Visual Studio Version 16
VisualStudioVersion = 16.0.32106.194
MinimumVisualStudioVersion = 10.0.40219.1
Project("{9A19103F-16F7-4668-BE54-9A1E7A4F7556}") = "ExercicesLib", "ExercicesLib\ExercicesLib.csproj", "{9EFA1213-DAA3-4FBF-8417-835736761E13}"
EndProject
Project("{9A19103F-16F7-4668-BE54-9A1E7A4F7556}") = "CryptageConsole", "CryptageConsole\CryptageConsole.csproj", "{40658A16-213A-4C28-88E9-5BD76F12E039}"
EndProject
Project("{FAE04EC0-301F-11D3-BF4B-00C04F79EFBC}") = "CryptageWPF", "CryptageWPF\CryptageWPF.csproj", "{5AA92DFB-59A6-48D8-80B8-5425C29B8AFC}"
EndProject
Global
	GlobalSection(SolutionConfigurationPlatforms) = preSolution
		Debug|Any CPU = Debug|Any CPU
		Release|Any CPU = Release|Any CPU
	EndGlobalSection
	GlobalSection(ProjectConfigurationPlatforms) = postSolution
		{9EFA1213-DAA3-4FBF-8417-835736761E13}.Debug|Any CPU.ActiveCfg = Debug|Any CPU
		{9EFA1213-DAA3-4FBF-8417-835736761E13}.Debug|Any CPU.Build.0 = Debug|Any CPU
		{9EFA1213-DAA3-4FBF-8417-835736761E13}.Release|Any CPU.ActiveCfg = Release|Any CPU
		{9EFA1213-DAA3-4FBF-8417-835736761E13}.Release|Any CPU.Build.0 = Release|Any CPU
		{40658A16-213A-4C28-88E9-5BD76F12E039}.Debug|Any CPU.ActiveCfg = Debug|Any CPU
		{40658A16-213A-4C28-88E9-5BD76F12E039}.Debug|Any CPU.Build.0 = Debug|Any CPU
		{40658A16-213A-4C28-88E9-5BD76F12E039}.Release|Any CPU.ActiveCfg = Release|Any CPU
		{40658A16-213A-4C28-88E9-5BD76F12E039}.Release|Any CPU.Build.0 = Release|Any CPU
		{5AA92DFB-59A6-48D8-80B8-5425C29B8AFC}.Debug|Any CPU.ActiveCfg = Debug|Any CPU
		{5AA92DFB-59A6-48D8-80B8-5425C29B8AFC}.Debug|Any CPU.Build.0 = Debug|Any CPU
		{5AA92DFB-59A6-48D8-80B8-5425C29B8AFC}.Release|Any CPU.ActiveCfg = Release|Any CPU
		{5AA92DFB-59A6-48D8-80B8-5425C29B8AFC}.Release|Any CPU.Build.0 = Release|Any CPU
	EndGlobalSection
	GlobalSection(SolutionProperties) = preSolution
		HideSolutionNode = FALSE
	EndGlobalSection
	GlobalSection(ExtensibilityGlobals) = postSolution
		SolutionGuid = {2940774B-B1EB-4F8F-89D8-48DA2564617F}
	EndGlobalSection
EndGlobal
