
Microsoft Visual Studio Solution File, Format Version 12.00
# Visual Studio Version 16
VisualStudioVersion = 16.0.32106.194
MinimumVisualStudioVersion = 10.0.40219.1
Project("{FAE04EC0-301F-11D3-BF4B-00C04F79EFBC}") = "Exercice01", "Exercice01\Exercice01.csproj", "{D6912299-739F-4EFA-83A0-27624BE9167E}"
EndProject
Global
	GlobalSection(SolutionConfigurationPlatforms) = preSolution
		Debug|Any CPU = Debug|Any CPU
		Release|Any CPU = Release|Any CPU
	EndGlobalSection
	GlobalSection(ProjectConfigurationPlatforms) = postSolution
		{D6912299-739F-4EFA-83A0-27624BE9167E}.Debug|Any CPU.ActiveCfg = Debug|Any CPU
		{D6912299-739F-4EFA-83A0-27624BE9167E}.Debug|Any CPU.Build.0 = Debug|Any CPU
		{D6912299-739F-4EFA-83A0-27624BE9167E}.Release|Any CPU.ActiveCfg = Release|Any CPU
		{D6912299-739F-4EFA-83A0-27624BE9167E}.Release|Any CPU.Build.0 = Release|Any CPU
	EndGlobalSection
	GlobalSection(SolutionProperties) = preSolution
		HideSolutionNode = FALSE
	EndGlobalSection
	GlobalSection(ExtensibilityGlobals) = postSolution
		SolutionGuid = {67B79C0D-5E10-4768-8C47-AAEBA00D8983}
	EndGlobalSection
EndGlobal
