
Microsoft Visual Studio Solution File, Format Version 12.00
# Visual Studio Version 16
VisualStudioVersion = 16.0.32106.194
MinimumVisualStudioVersion = 10.0.40219.1
Project("{9A19103F-16F7-4668-BE54-9A1E7A4F7556}") = "SimpleApplicationWPF", "SimpleApplicationWPF\SimpleApplicationWPF.csproj", "{4BB1BE3D-4C1D-4035-A369-065FFA094EE6}"
EndProject
Project("{9A19103F-16F7-4668-BE54-9A1E7A4F7556}") = "EvaluerClient", "EvaluerClient\EvaluerClient.csproj", "{D280DA12-4AFD-4574-9EE0-C67D4B125071}"
EndProject
Project("{FAE04EC0-301F-11D3-BF4B-00C04F79EFBC}") = "GestionImages", "GestionImages\GestionImages.csproj", "{3FCA0E8C-7295-4A4E-BC2D-6FE4F524334F}"
EndProject
Global
	GlobalSection(SolutionConfigurationPlatforms) = preSolution
		Debug|Any CPU = Debug|Any CPU
		Release|Any CPU = Release|Any CPU
	EndGlobalSection
	GlobalSection(ProjectConfigurationPlatforms) = postSolution
		{4BB1BE3D-4C1D-4035-A369-065FFA094EE6}.Debug|Any CPU.ActiveCfg = Debug|Any CPU
		{4BB1BE3D-4C1D-4035-A369-065FFA094EE6}.Debug|Any CPU.Build.0 = Debug|Any CPU
		{4BB1BE3D-4C1D-4035-A369-065FFA094EE6}.Release|Any CPU.ActiveCfg = Release|Any CPU
		{4BB1BE3D-4C1D-4035-A369-065FFA094EE6}.Release|Any CPU.Build.0 = Release|Any CPU
		{D280DA12-4AFD-4574-9EE0-C67D4B125071}.Debug|Any CPU.ActiveCfg = Debug|Any CPU
		{D280DA12-4AFD-4574-9EE0-C67D4B125071}.Debug|Any CPU.Build.0 = Debug|Any CPU
		{D280DA12-4AFD-4574-9EE0-C67D4B125071}.Release|Any CPU.ActiveCfg = Release|Any CPU
		{D280DA12-4AFD-4574-9EE0-C67D4B125071}.Release|Any CPU.Build.0 = Release|Any CPU
		{3FCA0E8C-7295-4A4E-BC2D-6FE4F524334F}.Debug|Any CPU.ActiveCfg = Debug|Any CPU
		{3FCA0E8C-7295-4A4E-BC2D-6FE4F524334F}.Debug|Any CPU.Build.0 = Debug|Any CPU
		{3FCA0E8C-7295-4A4E-BC2D-6FE4F524334F}.Release|Any CPU.ActiveCfg = Release|Any CPU
		{3FCA0E8C-7295-4A4E-BC2D-6FE4F524334F}.Release|Any CPU.Build.0 = Release|Any CPU
	EndGlobalSection
	GlobalSection(SolutionProperties) = preSolution
		HideSolutionNode = FALSE
	EndGlobalSection
	GlobalSection(ExtensibilityGlobals) = postSolution
		SolutionGuid = {9EF0065F-77E9-4EBE-8567-CDF1748B6502}
	EndGlobalSection
EndGlobal
