
Microsoft Visual Studio Solution File, Format Version 12.00
# Visual Studio Version 16
VisualStudioVersion = 16.0.32106.194
MinimumVisualStudioVersion = 10.0.40219.1
Project("{FAE04EC0-301F-11D3-BF4B-00C04F79EFBC}") = "ClimatiseurWPF", "ClimatiseurWPF\ClimatiseurWPF.csproj", "{E66B9978-E06A-45BB-A073-96DF7EC986C1}"
EndProject
Global
	GlobalSection(SolutionConfigurationPlatforms) = preSolution
		Debug|Any CPU = Debug|Any CPU
		Release|Any CPU = Release|Any CPU
	EndGlobalSection
	GlobalSection(ProjectConfigurationPlatforms) = postSolution
		{E66B9978-E06A-45BB-A073-96DF7EC986C1}.Debug|Any CPU.ActiveCfg = Debug|Any CPU
		{E66B9978-E06A-45BB-A073-96DF7EC986C1}.Debug|Any CPU.Build.0 = Debug|Any CPU
		{E66B9978-E06A-45BB-A073-96DF7EC986C1}.Release|Any CPU.ActiveCfg = Release|Any CPU
		{E66B9978-E06A-45BB-A073-96DF7EC986C1}.Release|Any CPU.Build.0 = Release|Any CPU
	EndGlobalSection
	GlobalSection(SolutionProperties) = preSolution
		HideSolutionNode = FALSE
	EndGlobalSection
	GlobalSection(ExtensibilityGlobals) = postSolution
		SolutionGuid = {D8298E71-EAF8-4BBA-BC9E-613A5CC312BE}
	EndGlobalSection
EndGlobal
