
Microsoft Visual Studio Solution File, Format Version 12.00
# Visual Studio Version 16
VisualStudioVersion = 16.0.29905.134
MinimumVisualStudioVersion = 10.0.40219.1
Project("{FAE04EC0-301F-11D3-BF4B-00C04F79EFBC}") = "Théorie", "Théorie\Théorie.csproj", "{0EB9DE06-F9DC-44FB-8563-E87897378394}"
EndProject
Global
	GlobalSection(SolutionConfigurationPlatforms) = preSolution
		Debug|Any CPU = Debug|Any CPU
		Release|Any CPU = Release|Any CPU
	EndGlobalSection
	GlobalSection(ProjectConfigurationPlatforms) = postSolution
		{0EB9DE06-F9DC-44FB-8563-E87897378394}.Debug|Any CPU.ActiveCfg = Debug|Any CPU
		{0EB9DE06-F9DC-44FB-8563-E87897378394}.Debug|Any CPU.Build.0 = Debug|Any CPU
		{0EB9DE06-F9DC-44FB-8563-E87897378394}.Release|Any CPU.ActiveCfg = Release|Any CPU
		{0EB9DE06-F9DC-44FB-8563-E87897378394}.Release|Any CPU.Build.0 = Release|Any CPU
	EndGlobalSection
	GlobalSection(SolutionProperties) = preSolution
		HideSolutionNode = FALSE
	EndGlobalSection
	GlobalSection(ExtensibilityGlobals) = postSolution
		SolutionGuid = {1BF424DC-4421-4ED6-B5A0-F32A7E888099}
	EndGlobalSection
EndGlobal
